
Microsoft Visual Studio Solution File, Format Version 12.00
# Visual Studio 2012
Project("{FAE04EC0-301F-11D3-BF4B-00C04F79EFBC}") = "ViewCellOnDisappearing", "ViewCellOnDisappearing\ViewCellOnDisappearing.csproj", "{E5F5161D-81D4-4BA4-B5A8-F29F10D4994F}"
EndProject
Project("{FAE04EC0-301F-11D3-BF4B-00C04F79EFBC}") = "ViewCellOnDisappearing.iOS", "iOS\ViewCellOnDisappearing.iOS.csproj", "{0D2F59BD-FFFC-4723-9B2C-A00FBA0960A7}"
EndProject
Project("{FAE04EC0-301F-11D3-BF4B-00C04F79EFBC}") = "ViewCellOnDisappearing.Droid", "Droid\ViewCellOnDisappearing.Droid.csproj", "{C2896BE3-38D0-41B3-9788-F339A0D4A5EF}"
EndProject
Global
	GlobalSection(SolutionConfigurationPlatforms) = preSolution
		Debug|Any CPU = Debug|Any CPU
		Release|Any CPU = Release|Any CPU
		Debug|iPhoneSimulator = Debug|iPhoneSimulator
		Release|iPhone = Release|iPhone
		Release|iPhoneSimulator = Release|iPhoneSimulator
		Debug|iPhone = Debug|iPhone
	EndGlobalSection
	GlobalSection(ProjectConfigurationPlatforms) = postSolution
		{E5F5161D-81D4-4BA4-B5A8-F29F10D4994F}.Debug|Any CPU.ActiveCfg = Debug|Any CPU
		{E5F5161D-81D4-4BA4-B5A8-F29F10D4994F}.Debug|Any CPU.Build.0 = Debug|Any CPU
		{E5F5161D-81D4-4BA4-B5A8-F29F10D4994F}.Release|Any CPU.ActiveCfg = Release|Any CPU
		{E5F5161D-81D4-4BA4-B5A8-F29F10D4994F}.Release|Any CPU.Build.0 = Release|Any CPU
		{E5F5161D-81D4-4BA4-B5A8-F29F10D4994F}.Debug|iPhoneSimulator.ActiveCfg = Debug|Any CPU
		{E5F5161D-81D4-4BA4-B5A8-F29F10D4994F}.Debug|iPhoneSimulator.Build.0 = Debug|Any CPU
		{E5F5161D-81D4-4BA4-B5A8-F29F10D4994F}.Release|iPhone.ActiveCfg = Release|Any CPU
		{E5F5161D-81D4-4BA4-B5A8-F29F10D4994F}.Release|iPhone.Build.0 = Release|Any CPU
		{E5F5161D-81D4-4BA4-B5A8-F29F10D4994F}.Release|iPhoneSimulator.ActiveCfg = Release|Any CPU
		{E5F5161D-81D4-4BA4-B5A8-F29F10D4994F}.Release|iPhoneSimulator.Build.0 = Release|Any CPU
		{E5F5161D-81D4-4BA4-B5A8-F29F10D4994F}.Debug|iPhone.ActiveCfg = Debug|Any CPU
		{E5F5161D-81D4-4BA4-B5A8-F29F10D4994F}.Debug|iPhone.Build.0 = Debug|Any CPU
		{0D2F59BD-FFFC-4723-9B2C-A00FBA0960A7}.Debug|Any CPU.ActiveCfg = Debug|iPhoneSimulator
		{0D2F59BD-FFFC-4723-9B2C-A00FBA0960A7}.Debug|Any CPU.Build.0 = Debug|iPhoneSimulator
		{0D2F59BD-FFFC-4723-9B2C-A00FBA0960A7}.Release|Any CPU.ActiveCfg = Release|iPhone
		{0D2F59BD-FFFC-4723-9B2C-A00FBA0960A7}.Release|Any CPU.Build.0 = Release|iPhone
		{0D2F59BD-FFFC-4723-9B2C-A00FBA0960A7}.Debug|iPhoneSimulator.ActiveCfg = Debug|iPhoneSimulator
		{0D2F59BD-FFFC-4723-9B2C-A00FBA0960A7}.Debug|iPhoneSimulator.Build.0 = Debug|iPhoneSimulator
		{0D2F59BD-FFFC-4723-9B2C-A00FBA0960A7}.Release|iPhone.ActiveCfg = Release|iPhone
		{0D2F59BD-FFFC-4723-9B2C-A00FBA0960A7}.Release|iPhone.Build.0 = Release|iPhone
		{0D2F59BD-FFFC-4723-9B2C-A00FBA0960A7}.Release|iPhoneSimulator.ActiveCfg = Release|iPhoneSimulator
		{0D2F59BD-FFFC-4723-9B2C-A00FBA0960A7}.Release|iPhoneSimulator.Build.0 = Release|iPhoneSimulator
		{0D2F59BD-FFFC-4723-9B2C-A00FBA0960A7}.Debug|iPhone.ActiveCfg = Debug|iPhone
		{0D2F59BD-FFFC-4723-9B2C-A00FBA0960A7}.Debug|iPhone.Build.0 = Debug|iPhone
		{C2896BE3-38D0-41B3-9788-F339A0D4A5EF}.Debug|Any CPU.ActiveCfg = Debug|Any CPU
		{C2896BE3-38D0-41B3-9788-F339A0D4A5EF}.Debug|Any CPU.Build.0 = Debug|Any CPU
		{C2896BE3-38D0-41B3-9788-F339A0D4A5EF}.Release|Any CPU.ActiveCfg = Release|Any CPU
		{C2896BE3-38D0-41B3-9788-F339A0D4A5EF}.Release|Any CPU.Build.0 = Release|Any CPU
		{C2896BE3-38D0-41B3-9788-F339A0D4A5EF}.Debug|iPhoneSimulator.ActiveCfg = Debug|Any CPU
		{C2896BE3-38D0-41B3-9788-F339A0D4A5EF}.Debug|iPhoneSimulator.Build.0 = Debug|Any CPU
		{C2896BE3-38D0-41B3-9788-F339A0D4A5EF}.Release|iPhone.ActiveCfg = Release|Any CPU
		{C2896BE3-38D0-41B3-9788-F339A0D4A5EF}.Release|iPhone.Build.0 = Release|Any CPU
		{C2896BE3-38D0-41B3-9788-F339A0D4A5EF}.Release|iPhoneSimulator.ActiveCfg = Release|Any CPU
		{C2896BE3-38D0-41B3-9788-F339A0D4A5EF}.Release|iPhoneSimulator.Build.0 = Release|Any CPU
		{C2896BE3-38D0-41B3-9788-F339A0D4A5EF}.Debug|iPhone.ActiveCfg = Debug|Any CPU
		{C2896BE3-38D0-41B3-9788-F339A0D4A5EF}.Debug|iPhone.Build.0 = Debug|Any CPU
	EndGlobalSection
EndGlobal
